
Microsoft Visual Studio Solution File, Format Version 12.00
# Visual Studio Version 16
VisualStudioVersion = 16.0.31205.134
MinimumVisualStudioVersion = 10.0.40219.1
Project("{E24C65DC-7377-472B-9ABA-BC803B73C61A}") = "ExpansionOfUniverse", "..\ExpansionOfUniverse\", "{7FF5AD52-26E7-4D96-82A6-C1E917902DA1}"
	ProjectSection(WebsiteProperties) = preProject
		TargetFrameworkMoniker = ".NETFramework,Version%3Dv4.0"
		Debug.AspNetCompiler.VirtualPath = "/localhost_52624"
		Debug.AspNetCompiler.PhysicalPath = "..\ExpansionOfUniverse\"
		Debug.AspNetCompiler.TargetPath = "PrecompiledWeb\localhost_52624\"
		Debug.AspNetCompiler.Updateable = "true"
		Debug.AspNetCompiler.ForceOverwrite = "true"
		Debug.AspNetCompiler.FixedNames = "false"
		Debug.AspNetCompiler.Debug = "True"
		Release.AspNetCompiler.VirtualPath = "/localhost_52624"
		Release.AspNetCompiler.PhysicalPath = "..\ExpansionOfUniverse\"
		Release.AspNetCompiler.TargetPath = "PrecompiledWeb\localhost_52624\"
		Release.AspNetCompiler.Updateable = "true"
		Release.AspNetCompiler.ForceOverwrite = "true"
		Release.AspNetCompiler.FixedNames = "false"
		Release.AspNetCompiler.Debug = "False"
		VWDPort = "52624"
	EndProjectSection
EndProject
Project("{E24C65DC-7377-472B-9ABA-BC803B73C61A}") = "color-sky", "..\color-sky\", "{8D5896D9-6A82-4E87-88C6-62E2C04B64A5}"
	ProjectSection(WebsiteProperties) = preProject
		TargetFrameworkMoniker = ".NETFramework,Version%3Dv4.0"
		Debug.AspNetCompiler.VirtualPath = "/localhost_52630"
		Debug.AspNetCompiler.PhysicalPath = "..\color-sky\"
		Debug.AspNetCompiler.TargetPath = "PrecompiledWeb\localhost_52630\"
		Debug.AspNetCompiler.Updateable = "true"
		Debug.AspNetCompiler.ForceOverwrite = "true"
		Debug.AspNetCompiler.FixedNames = "false"
		Debug.AspNetCompiler.Debug = "True"
		Release.AspNetCompiler.VirtualPath = "/localhost_52630"
		Release.AspNetCompiler.PhysicalPath = "..\color-sky\"
		Release.AspNetCompiler.TargetPath = "PrecompiledWeb\localhost_52630\"
		Release.AspNetCompiler.Updateable = "true"
		Release.AspNetCompiler.ForceOverwrite = "true"
		Release.AspNetCompiler.FixedNames = "false"
		Release.AspNetCompiler.Debug = "False"
		VWDPort = "52630"
	EndProjectSection
EndProject
Project("{E24C65DC-7377-472B-9ABA-BC803B73C61A}") = "elongation", "..\elongation\", "{BD9229FB-EEF6-4A65-AE1E-FFA632E1C804}"
	ProjectSection(WebsiteProperties) = preProject
		TargetFrameworkMoniker = ".NETFramework,Version%3Dv4.0"
		Debug.AspNetCompiler.VirtualPath = "/localhost_52633"
		Debug.AspNetCompiler.PhysicalPath = "..\elongation\"
		Debug.AspNetCompiler.TargetPath = "PrecompiledWeb\localhost_52633\"
		Debug.AspNetCompiler.Updateable = "true"
		Debug.AspNetCompiler.ForceOverwrite = "true"
		Debug.AspNetCompiler.FixedNames = "false"
		Debug.AspNetCompiler.Debug = "True"
		Release.AspNetCompiler.VirtualPath = "/localhost_52633"
		Release.AspNetCompiler.PhysicalPath = "..\elongation\"
		Release.AspNetCompiler.TargetPath = "PrecompiledWeb\localhost_52633\"
		Release.AspNetCompiler.Updateable = "true"
		Release.AspNetCompiler.ForceOverwrite = "true"
		Release.AspNetCompiler.FixedNames = "false"
		Release.AspNetCompiler.Debug = "False"
		VWDPort = "52633"
	EndProjectSection
EndProject
Project("{E24C65DC-7377-472B-9ABA-BC803B73C61A}") = "GalacticRotation", "..\GalacticRotation\", "{D2C4AA92-2421-4605-9265-47FC48BE8D9A}"
	ProjectSection(WebsiteProperties) = preProject
		TargetFrameworkMoniker = ".NETFramework,Version%3Dv4.0"
		Debug.AspNetCompiler.VirtualPath = "/localhost_52634"
		Debug.AspNetCompiler.PhysicalPath = "..\GalacticRotation\"
		Debug.AspNetCompiler.TargetPath = "PrecompiledWeb\localhost_52634\"
		Debug.AspNetCompiler.Updateable = "true"
		Debug.AspNetCompiler.ForceOverwrite = "true"
		Debug.AspNetCompiler.FixedNames = "false"
		Debug.AspNetCompiler.Debug = "True"
		Release.AspNetCompiler.VirtualPath = "/localhost_52634"
		Release.AspNetCompiler.PhysicalPath = "..\GalacticRotation\"
		Release.AspNetCompiler.TargetPath = "PrecompiledWeb\localhost_52634\"
		Release.AspNetCompiler.Updateable = "true"
		Release.AspNetCompiler.ForceOverwrite = "true"
		Release.AspNetCompiler.FixedNames = "false"
		Release.AspNetCompiler.Debug = "False"
		VWDPort = "52634"
	EndProjectSection
EndProject
Global
	GlobalSection(SolutionConfigurationPlatforms) = preSolution
		Debug|Any CPU = Debug|Any CPU
	EndGlobalSection
	GlobalSection(ProjectConfigurationPlatforms) = postSolution
		{7FF5AD52-26E7-4D96-82A6-C1E917902DA1}.Debug|Any CPU.ActiveCfg = Debug|Any CPU
		{7FF5AD52-26E7-4D96-82A6-C1E917902DA1}.Debug|Any CPU.Build.0 = Debug|Any CPU
		{8D5896D9-6A82-4E87-88C6-62E2C04B64A5}.Debug|Any CPU.ActiveCfg = Debug|Any CPU
		{8D5896D9-6A82-4E87-88C6-62E2C04B64A5}.Debug|Any CPU.Build.0 = Debug|Any CPU
		{BD9229FB-EEF6-4A65-AE1E-FFA632E1C804}.Debug|Any CPU.ActiveCfg = Debug|Any CPU
		{BD9229FB-EEF6-4A65-AE1E-FFA632E1C804}.Debug|Any CPU.Build.0 = Debug|Any CPU
		{D2C4AA92-2421-4605-9265-47FC48BE8D9A}.Debug|Any CPU.ActiveCfg = Debug|Any CPU
		{D2C4AA92-2421-4605-9265-47FC48BE8D9A}.Debug|Any CPU.Build.0 = Debug|Any CPU
	EndGlobalSection
	GlobalSection(SolutionProperties) = preSolution
		HideSolutionNode = FALSE
	EndGlobalSection
	GlobalSection(ExtensibilityGlobals) = postSolution
		SolutionGuid = {0AA74DF2-CE68-4BDE-A4F2-9C39CA4686D2}
	EndGlobalSection
EndGlobal
